{
  "nodes": {
    "beautysh": {
      "inputs": {
        "nixpkgs": [
          "neovim-flake",
          "nixvim",
          "nixpkgs"
        ],
        "poetry2nix": "poetry2nix",
        "utils": "utils"
      },
      "locked": {
        "lastModified": 1680308980,
        "narHash": "sha256-aUEHV0jk2qIFP3jlsWYWhBbm+w/N9gzH3e4I5DcdB5s=",
        "owner": "lovesegfault",
        "repo": "beautysh",
        "rev": "9845efc3ea3e86cc0d41465d720a47f521b2799c",
        "type": "github"
      },
      "original": {
        "owner": "lovesegfault",
        "repo": "beautysh",
        "type": "github"
      }
    },
    "emacs-overlay": {
      "inputs": {
        "flake-utils": "flake-utils",
        "nixpkgs": "nixpkgs",
        "nixpkgs-stable": "nixpkgs-stable"
      },
      "locked": {
        "lastModified": 1689245342,
        "narHash": "sha256-pRFDRHpa654j8TkVrQBcRf6c6/VQXt6TCLbBPwkphJs=",
        "owner": "nix-community",
        "repo": "emacs-overlay",
        "rev": "3fbcace5b46e8b75d45314914f0ac58cc680ab81",
        "type": "github"
      },
      "original": {
        "owner": "nix-community",
        "repo": "emacs-overlay",
        "type": "github"
      }
    },
    "external-plugin:staline-nvim": {
      "flake": false,
      "locked": {
        "lastModified": 1686465388,
        "narHash": "sha256-NjYfqQ44xNZ5v6EWNMkMUxVxsSrC93inbns59l3e9dE=",
        "owner": "tamton-aquib",
        "repo": "staline.nvim",
        "rev": "a47c24be6884ec525f23689684b5b8e8a629f3b2",
        "type": "github"
      },
      "original": {
        "owner": "tamton-aquib",
        "repo": "staline.nvim",
        "type": "github"
      }
    },
    "external-plugin:windline-nvim": {
      "flake": false,
      "locked": {
        "lastModified": 1681471519,
        "narHash": "sha256-I5bg/lDREOdtSZnOeES++O725GSpadqOacdZO2mioRo=",
        "owner": "windwp",
        "repo": "windline.nvim",
        "rev": "66badcb002c91f6d4bfc11726c988441a3aada6c",
        "type": "github"
      },
      "original": {
        "owner": "windwp",
        "repo": "windline.nvim",
        "type": "github"
      }
    },
    "flake-compat": {
      "flake": false,
      "locked": {
        "lastModified": 1673956053,
        "narHash": "sha256-4gtG9iQuiKITOjNQQeQIpoIB6b16fm+504Ch3sNKLd8=",
        "owner": "edolstra",
        "repo": "flake-compat",
        "rev": "35bb57c0c8d8b62bbfd284272c928ceb64ddbde9",
        "type": "github"
      },
      "original": {
        "owner": "edolstra",
        "repo": "flake-compat",
        "type": "github"
      }
    },
    "flake-utils": {
      "inputs": {
        "systems": "systems"
      },
      "locked": {
        "lastModified": 1689068808,
        "narHash": "sha256-6ixXo3wt24N/melDWjq70UuHQLxGV8jZvooRanIHXw0=",
        "owner": "numtide",
        "repo": "flake-utils",
        "rev": "919d646de7be200f3bf08cb76ae1f09402b6f9b4",
        "type": "github"
      },
      "original": {
        "owner": "numtide",
        "repo": "flake-utils",
        "type": "github"
      }
    },
    "flake-utils_2": {
      "inputs": {
        "systems": "systems_2"
      },
      "locked": {
        "lastModified": 1685518550,
        "narHash": "sha256-o2d0KcvaXzTrPRIo0kOLV0/QXHhDQ5DTi+OxcjO8xqY=",
        "owner": "numtide",
        "repo": "flake-utils",
        "rev": "a1720a10a6cfe8234c0e93907ffe81be440f4cef",
        "type": "github"
      },
      "original": {
        "owner": "numtide",
        "repo": "flake-utils",
        "type": "github"
      }
    },
    "flake-utils_3": {
      "inputs": {
        "systems": "systems_3"
      },
      "locked": {
        "lastModified": 1685518550,
        "narHash": "sha256-o2d0KcvaXzTrPRIo0kOLV0/QXHhDQ5DTi+OxcjO8xqY=",
        "owner": "numtide",
        "repo": "flake-utils",
        "rev": "a1720a10a6cfe8234c0e93907ffe81be440f4cef",
        "type": "github"
      },
      "original": {
        "owner": "numtide",
        "repo": "flake-utils",
        "type": "github"
      }
    },
    "flake-utils_4": {
      "inputs": {
        "systems": "systems_4"
      },
      "locked": {
        "lastModified": 1685518550,
        "narHash": "sha256-o2d0KcvaXzTrPRIo0kOLV0/QXHhDQ5DTi+OxcjO8xqY=",
        "owner": "numtide",
        "repo": "flake-utils",
        "rev": "a1720a10a6cfe8234c0e93907ffe81be440f4cef",
        "type": "github"
      },
      "original": {
        "owner": "numtide",
        "repo": "flake-utils",
        "type": "github"
      }
    },
    "gitignore": {
      "inputs": {
        "nixpkgs": [
          "neovim-flake",
          "nixvim",
          "pre-commit-hooks",
          "nixpkgs"
        ]
      },
      "locked": {
        "lastModified": 1660459072,
        "narHash": "sha256-8DFJjXG8zqoONA1vXtgeKXy68KdJL5UaXR8NtVMUbx8=",
        "owner": "hercules-ci",
        "repo": "gitignore.nix",
        "rev": "a20de23b925fd8264fd7fad6454652e142fd7f73",
        "type": "github"
      },
      "original": {
        "owner": "hercules-ci",
        "repo": "gitignore.nix",
        "type": "github"
      }
    },
    "impermanence": {
      "locked": {
        "lastModified": 1684264534,
        "narHash": "sha256-K0zr+ry3FwIo3rN2U/VWAkCJSgBslBisvfRIPwMbuCQ=",
        "owner": "nix-community",
        "repo": "impermanence",
        "rev": "89253fb1518063556edd5e54509c30ac3089d5e6",
        "type": "github"
      },
      "original": {
        "owner": "nix-community",
        "repo": "impermanence",
        "type": "github"
      }
    },
    "neovim-flake": {
      "inputs": {
        "external-plugin:staline-nvim": "external-plugin:staline-nvim",
        "external-plugin:windline-nvim": "external-plugin:windline-nvim",
        "neovim-flake": "neovim-flake_2",
        "nixpkgs": "nixpkgs_2",
        "nixvim": "nixvim",
        "plugin:bufdelete-nvim": "plugin:bufdelete-nvim",
        "plugin:bufferline": "plugin:bufferline",
        "plugin:clangd_extensions-nvim": "plugin:clangd_extensions-nvim",
        "plugin:cmp-buffer": "plugin:cmp-buffer",
        "plugin:cmp-nvim-lsp": "plugin:cmp-nvim-lsp",
        "plugin:cmp-path": "plugin:cmp-path",
        "plugin:cmp_luasnip": "plugin:cmp_luasnip",
        "plugin:comment-nvim": "plugin:comment-nvim",
        "plugin:git-messenger-vim": "plugin:git-messenger-vim",
        "plugin:gitsigns-nvim": "plugin:gitsigns-nvim",
        "plugin:inc-rename-nvim": "plugin:inc-rename-nvim",
        "plugin:indent-blankline-nvim": "plugin:indent-blankline-nvim",
        "plugin:lspkind-nvim": "plugin:lspkind-nvim",
        "plugin:lualine-nvim": "plugin:lualine-nvim",
        "plugin:luasnip": "plugin:luasnip",
        "plugin:markdown-preview-nvim": "plugin:markdown-preview-nvim",
        "plugin:neogit": "plugin:neogit",
        "plugin:netman-nvim": "plugin:netman-nvim",
        "plugin:nightfox": "plugin:nightfox",
        "plugin:noice-nvim": "plugin:noice-nvim",
        "plugin:nui-nvim": "plugin:nui-nvim",
        "plugin:null-ls-nvim": "plugin:null-ls-nvim",
        "plugin:nvim-cmp": "plugin:nvim-cmp",
        "plugin:nvim-cursorline": "plugin:nvim-cursorline",
        "plugin:nvim-lightbulb": "plugin:nvim-lightbulb",
        "plugin:nvim-lspconfig": "plugin:nvim-lspconfig",
        "plugin:nvim-notify": "plugin:nvim-notify",
        "plugin:nvim-tree-lua": "plugin:nvim-tree-lua",
        "plugin:nvim-treesitter": "plugin:nvim-treesitter",
        "plugin:nvim-treesitter-context": "plugin:nvim-treesitter-context",
        "plugin:nvim-treesitter-refactor": "plugin:nvim-treesitter-refactor",
        "plugin:nvim-web-devicons": "plugin:nvim-web-devicons",
        "plugin:plenary-nvim": "plugin:plenary-nvim",
        "plugin:rust-tools-nvim": "plugin:rust-tools-nvim",
        "plugin:telescope-nvim": "plugin:telescope-nvim",
        "plugin:telescope-ui-select-nvim": "plugin:telescope-ui-select-nvim",
        "plugin:toggleterm": "plugin:toggleterm",
        "plugin:tokyonight-nvim": "plugin:tokyonight-nvim",
        "plugin:trouble-nvim": "plugin:trouble-nvim",
        "plugin:vim-matchup": "plugin:vim-matchup"
      },
      "locked": {
        "lastModified": 1688402331,
        "narHash": "sha256-AoQ64OuWrBidpJ0Iiy3oIV33OGXIYrMxEOCgO6MBtk4=",
        "owner": "luftmensch-luftmensch",
        "repo": "neovim-flake",
        "rev": "e53f5e21b5356ac00a1e608505583bc4dd21a415",
        "type": "github"
      },
      "original": {
        "owner": "luftmensch-luftmensch",
        "repo": "neovim-flake",
        "type": "github"
      }
    },
    "neovim-flake_2": {
      "inputs": {
        "flake-utils": "flake-utils_2",
        "nixpkgs": [
          "neovim-flake",
          "nixpkgs"
        ]
      },
      "locked": {
        "dir": "contrib",
        "lastModified": 1687189233,
        "narHash": "sha256-msvJvcqKXB2AHWJ25N9nrNOTzbn8JnZlYZeDKlyza/A=",
        "owner": "neovim",
        "repo": "neovim",
        "rev": "72a6643b1380cdf6f1153d70eeaffb90bdca30d6",
        "type": "github"
      },
      "original": {
        "dir": "contrib",
        "owner": "neovim",
        "repo": "neovim",
        "type": "github"
      }
    },
    "nixpkgs": {
      "locked": {
        "lastModified": 1689192006,
        "narHash": "sha256-QM0f0d8oPphOTYJebsHioR9+FzJcy1QNIzREyubB91U=",
        "owner": "NixOS",
        "repo": "nixpkgs",
        "rev": "2de8efefb6ce7f5e4e75bdf57376a96555986841",
        "type": "github"
      },
      "original": {
        "owner": "NixOS",
        "ref": "nixos-unstable",
        "repo": "nixpkgs",
        "type": "github"
      }
    },
    "nixpkgs-stable": {
      "locked": {
        "lastModified": 1689137672,
        "narHash": "sha256-QZoHxr0a73x6rQcAo5CiwYpysHbSnk7lAR8/16um7mM=",
        "owner": "NixOS",
        "repo": "nixpkgs",
        "rev": "98da3dd0de6660d4abed7bb74e748694bd803413",
        "type": "github"
      },
      "original": {
        "owner": "NixOS",
        "ref": "nixos-23.05",
        "repo": "nixpkgs",
        "type": "github"
      }
    },
    "nixpkgs-stable_2": {
      "locked": {
        "lastModified": 1685801374,
        "narHash": "sha256-otaSUoFEMM+LjBI1XL/xGB5ao6IwnZOXc47qhIgJe8U=",
        "owner": "NixOS",
        "repo": "nixpkgs",
        "rev": "c37ca420157f4abc31e26f436c1145f8951ff373",
        "type": "github"
      },
      "original": {
        "owner": "NixOS",
        "ref": "nixos-23.05",
        "repo": "nixpkgs",
        "type": "github"
      }
    },
    "nixpkgs-stable_3": {
      "locked": {
        "lastModified": 1688868408,
        "narHash": "sha256-RR9N5XTAxSBhK8MCvLq9uxfdkd7etC//seVXldy0k48=",
        "owner": "NixOS",
        "repo": "nixpkgs",
        "rev": "510d721ce097150ae3b80f84b04b13b039186571",
        "type": "github"
      },
      "original": {
        "owner": "NixOS",
        "ref": "release-23.05",
        "repo": "nixpkgs",
        "type": "github"
      }
    },
    "nixpkgs-unstable": {
      "locked": {
        "lastModified": 1689192006,
        "narHash": "sha256-QM0f0d8oPphOTYJebsHioR9+FzJcy1QNIzREyubB91U=",
        "owner": "nixos",
        "repo": "nixpkgs",
        "rev": "2de8efefb6ce7f5e4e75bdf57376a96555986841",
        "type": "github"
      },
      "original": {
        "owner": "nixos",
        "ref": "nixos-unstable",
        "repo": "nixpkgs",
        "type": "github"
      }
    },
    "nixpkgs_2": {
      "locked": {
        "lastModified": 1687103638,
        "narHash": "sha256-dwy/TK6Db5W7ivcgmcxUykhFwodIg0jrRzOFt7H5NUc=",
        "owner": "nixos",
        "repo": "nixpkgs",
        "rev": "91430887645a0953568da2f3e9a3a3bb0a0378ac",
        "type": "github"
      },
      "original": {
        "owner": "nixos",
        "ref": "nixpkgs-unstable",
        "repo": "nixpkgs",
        "type": "github"
      }
    },
    "nixpkgs_3": {
      "locked": {
        "lastModified": 1689137672,
        "narHash": "sha256-QZoHxr0a73x6rQcAo5CiwYpysHbSnk7lAR8/16um7mM=",
        "owner": "nixos",
        "repo": "nixpkgs",
        "rev": "98da3dd0de6660d4abed7bb74e748694bd803413",
        "type": "github"
      },
      "original": {
        "owner": "nixos",
        "ref": "nixos-23.05",
        "repo": "nixpkgs",
        "type": "github"
      }
    },
    "nixvim": {
      "inputs": {
        "beautysh": "beautysh",
        "flake-utils": "flake-utils_3",
        "nixpkgs": [
          "neovim-flake",
          "nixpkgs"
        ],
        "pre-commit-hooks": "pre-commit-hooks"
      },
      "locked": {
        "lastModified": 1687172883,
        "narHash": "sha256-7i9eGpvo9uYSOQ07acTfVpIk/r2okIumWBA4apOiO7Y=",
        "owner": "pta2002",
        "repo": "nixvim",
        "rev": "885a7460735c3547f06a5f8af30ed22e39642806",
        "type": "github"
      },
      "original": {
        "owner": "pta2002",
        "repo": "nixvim",
        "type": "github"
      }
    },
    "plugin:bufdelete-nvim": {
      "flake": false,
      "locked": {
        "lastModified": 1686806186,
        "narHash": "sha256-9ox6CWbAPU0i6cPK/tvmIfiLGOwfXP5JQwRBzxuzQh0=",
        "owner": "famiu",
        "repo": "bufdelete.nvim",
        "rev": "8d15a0a3189b02ac7ad9dd6dc089cc62edf095c6",
        "type": "github"
      },
      "original": {
        "owner": "famiu",
        "repo": "bufdelete.nvim",
        "type": "github"
      }
    },
    "plugin:bufferline": {
      "flake": false,
      "locked": {
        "lastModified": 1687007546,
        "narHash": "sha256-NRuk9RBj7etUv+2mBlJ3lTbJCRkYmluqZ5V2t78ile4=",
        "owner": "akinsho",
        "repo": "nvim-bufferline.lua",
        "rev": "60734264a8655a7db3595159fb50076dc24c2f2c",
        "type": "github"
      },
      "original": {
        "owner": "akinsho",
        "repo": "nvim-bufferline.lua",
        "type": "github"
      }
    },
    "plugin:clangd_extensions-nvim": {
      "flake": false,
      "locked": {
        "lastModified": 1684819477,
        "narHash": "sha256-m9MVzx5tyV1Gpya7+k9gdKeH0po1eQnZ0UzD87C/I+c=",
        "owner": "p00f",
        "repo": "clangd_extensions.nvim",
        "rev": "6d0bf36870d15c0c2284f4b6693a66552a6bf127",
        "type": "github"
      },
      "original": {
        "owner": "p00f",
        "repo": "clangd_extensions.nvim",
        "type": "github"
      }
    },
    "plugin:cmp-buffer": {
      "flake": false,
      "locked": {
        "lastModified": 1660101488,
        "narHash": "sha256-dG4U7MtnXThoa/PD+qFtCt76MQ14V1wX8GMYcvxEnbM=",
        "owner": "hrsh7th",
        "repo": "cmp-buffer",
        "rev": "3022dbc9166796b644a841a02de8dd1cc1d311fa",
        "type": "github"
      },
      "original": {
        "owner": "hrsh7th",
        "repo": "cmp-buffer",
        "type": "github"
      }
    },
    "plugin:cmp-nvim-lsp": {
      "flake": false,
      "locked": {
        "lastModified": 1675708067,
        "narHash": "sha256-DxpcPTBlvVP88PDoTheLV2fC76EXDqS2UpM5mAfj/D4=",
        "owner": "hrsh7th",
        "repo": "cmp-nvim-lsp",
        "rev": "0e6b2ed705ddcff9738ec4ea838141654f12eeef",
        "type": "github"
      },
      "original": {
        "owner": "hrsh7th",
        "repo": "cmp-nvim-lsp",
        "type": "github"
      }
    },
    "plugin:cmp-path": {
      "flake": false,
      "locked": {
        "lastModified": 1664784283,
        "narHash": "sha256-thppiiV3wjIaZnAXmsh7j3DUc6ceSCvGzviwFUnoPaI=",
        "owner": "hrsh7th",
        "repo": "cmp-path",
        "rev": "91ff86cd9c29299a64f968ebb45846c485725f23",
        "type": "github"
      },
      "original": {
        "owner": "hrsh7th",
        "repo": "cmp-path",
        "type": "github"
      }
    },
    "plugin:cmp_luasnip": {
      "flake": false,
      "locked": {
        "lastModified": 1666943769,
        "narHash": "sha256-Z5SPy3j2oHFxJ7bK8DP8Q/oRyLEMlnWyIfDaQcNVIS0=",
        "owner": "saadparwaiz1",
        "repo": "cmp_luasnip",
        "rev": "18095520391186d634a0045dacaa346291096566",
        "type": "github"
      },
      "original": {
        "owner": "saadparwaiz1",
        "repo": "cmp_luasnip",
        "type": "github"
      }
    },
    "plugin:comment-nvim": {
      "flake": false,
      "locked": {
        "lastModified": 1686546603,
        "narHash": "sha256-XM9yhp+SGxfAOdN/eDunzM0TMoCJhVth3wpFKNCGf3g=",
        "owner": "numtostr",
        "repo": "comment.nvim",
        "rev": "176e85eeb63f1a5970d6b88f1725039d85ca0055",
        "type": "github"
      },
      "original": {
        "owner": "numtostr",
        "repo": "comment.nvim",
        "type": "github"
      }
    },
    "plugin:git-messenger-vim": {
      "flake": false,
      "locked": {
        "lastModified": 1661833086,
        "narHash": "sha256-SAnGSSjHbwlpkpyjlINr5rgL7M28W42bWGvQrkOQl1w=",
        "owner": "rhysd",
        "repo": "git-messenger.vim",
        "rev": "8a61bdfa351d4df9a9118ee1d3f45edbed617072",
        "type": "github"
      },
      "original": {
        "owner": "rhysd",
        "repo": "git-messenger.vim",
        "type": "github"
      }
    },
    "plugin:gitsigns-nvim": {
      "flake": false,
      "locked": {
        "lastModified": 1687182217,
        "narHash": "sha256-+qZa3d82v7z+M7iTRbD9CX0cpVWlgCQEwsZ8hSpKt70=",
        "owner": "lewis6991",
        "repo": "gitsigns.nvim",
        "rev": "3ef12dfdc293969fac736a7a580d6ae1f57ea406",
        "type": "github"
      },
      "original": {
        "owner": "lewis6991",
        "repo": "gitsigns.nvim",
        "type": "github"
      }
    },
    "plugin:inc-rename-nvim": {
      "flake": false,
      "locked": {
        "lastModified": 1685751676,
        "narHash": "sha256-i1VVtV86cpz7E3n9dOxVl6ZvxttqG3RqcxXrk2c/FCE=",
        "owner": "smjonas",
        "repo": "inc-rename.nvim",
        "rev": "ed0f6f2b917cac4eb3259f907da0a481b27a3b7e",
        "type": "github"
      },
      "original": {
        "owner": "smjonas",
        "repo": "inc-rename.nvim",
        "type": "github"
      }
    },
    "plugin:indent-blankline-nvim": {
      "flake": false,
      "locked": {
        "lastModified": 1685412336,
        "narHash": "sha256-2AgkwADQetmFAc+cYU2USmTXMngXHo7021KrTVTIkkE=",
        "owner": "lukas-reineke",
        "repo": "indent-blankline.nvim",
        "rev": "7075d7861f7a6bbf0de0298c83f8a13195e6ec01",
        "type": "github"
      },
      "original": {
        "owner": "lukas-reineke",
        "repo": "indent-blankline.nvim",
        "type": "github"
      }
    },
    "plugin:lspkind-nvim": {
      "flake": false,
      "locked": {
        "lastModified": 1683275543,
        "narHash": "sha256-S+qZm51hw/cRujIfHV/1x1fYyCKI4XQ0utSL8uy4l6I=",
        "owner": "onsails",
        "repo": "lspkind.nvim",
        "rev": "57610d5ab560c073c465d6faf0c19f200cb67e6e",
        "type": "github"
      },
      "original": {
        "owner": "onsails",
        "repo": "lspkind.nvim",
        "type": "github"
      }
    },
    "plugin:lualine-nvim": {
      "flake": false,
      "locked": {
        "lastModified": 1683213422,
        "narHash": "sha256-ltHE8UIquGo07BSlFGM1l3wmTNN43i8kx6QY7Fj2CNo=",
        "owner": "nvim-lualine",
        "repo": "lualine.nvim",
        "rev": "05d78e9fd0cdfb4545974a5aa14b1be95a86e9c9",
        "type": "github"
      },
      "original": {
        "owner": "nvim-lualine",
        "repo": "lualine.nvim",
        "type": "github"
      }
    },
    "plugin:luasnip": {
      "flake": false,
      "locked": {
        "lastModified": 1687177416,
        "narHash": "sha256-fxvd5KwnHfGSau5acMSnO44I8BFC/VWTkT0N+5wjHxs=",
        "owner": "L3MON4D3",
        "repo": "LuaSnip",
        "rev": "6086742e287ce0e40ffa31b1c26b7e8914ffb7a4",
        "type": "github"
      },
      "original": {
        "owner": "L3MON4D3",
        "repo": "LuaSnip",
        "type": "github"
      }
    },
    "plugin:markdown-preview-nvim": {
      "flake": false,
      "locked": {
        "lastModified": 1652448059,
        "narHash": "sha256-e1Buvu/lkEt9V5LVDFKWTasnSX6EdtRgWyVDZA8LpUE=",
        "owner": "iamcco",
        "repo": "markdown-preview.nvim",
        "rev": "02cc3874738bc0f86e4b91f09b8a0ac88aef8e96",
        "type": "github"
      },
      "original": {
        "owner": "iamcco",
        "repo": "markdown-preview.nvim",
        "type": "github"
      }
    },
    "plugin:neogit": {
      "flake": false,
      "locked": {
        "lastModified": 1686318130,
        "narHash": "sha256-Wid1gKch3aHO97qklic3feqz+tfcz+WhG400s6CQzhk=",
        "owner": "TimUntersberger",
        "repo": "neogit",
        "rev": "68a3e90e9d1ed9e362317817851d0f34b19e426b",
        "type": "github"
      },
      "original": {
        "owner": "TimUntersberger",
        "repo": "neogit",
        "type": "github"
      }
    },
    "plugin:netman-nvim": {
      "flake": false,
      "locked": {
        "lastModified": 1681867264,
        "narHash": "sha256-TCPmOVZBWdW5q1Bl2FpvVFXS/tkUWHPYI1FKzhjwnc8=",
        "owner": "miversen33",
        "repo": "netman.nvim",
        "rev": "cd5b2c4802d2014df1bc1d07c37aa2271e6ba725",
        "type": "github"
      },
      "original": {
        "owner": "miversen33",
        "repo": "netman.nvim",
        "type": "github"
      }
    },
    "plugin:nightfox": {
      "flake": false,
      "locked": {
        "lastModified": 1683901998,
        "narHash": "sha256-q77dkSLzSTf+GxPKzbPFQcnX1oEnLV8asOO73d9W3qQ=",
        "owner": "EdenEast",
        "repo": "nightfox.nvim",
        "rev": "77aa7458d2b725c2d9ff55a18befe1b891ac473e",
        "type": "github"
      },
      "original": {
        "owner": "EdenEast",
        "repo": "nightfox.nvim",
        "type": "github"
      }
    },
    "plugin:noice-nvim": {
      "flake": false,
      "locked": {
        "lastModified": 1687185524,
        "narHash": "sha256-aeuLB2wMl892s5KOA3bq4K1DWBTcvXDRIR552MBeZIU=",
        "owner": "folke",
        "repo": "noice.nvim",
        "rev": "39461475d9de676bccc338876689c9e5b44bc932",
        "type": "github"
      },
      "original": {
        "owner": "folke",
        "repo": "noice.nvim",
        "type": "github"
      }
    },
    "plugin:nui-nvim": {
      "flake": false,
      "locked": {
        "lastModified": 1687107254,
        "narHash": "sha256-OFfkkFPkBJoVf9W6CL/AD5E4erPKYTMg069E1cI54DE=",
        "owner": "MunifTanjim",
        "repo": "nui.nvim",
        "rev": "d146966a423e60699b084eeb28489fe3b6427599",
        "type": "github"
      },
      "original": {
        "owner": "MunifTanjim",
        "repo": "nui.nvim",
        "type": "github"
      }
    },
    "plugin:null-ls-nvim": {
      "flake": false,
      "locked": {
        "lastModified": 1686871437,
        "narHash": "sha256-MxIZqyRW8jStiDNXt7Bsw8peDLKpqxKEaUuIJsXkGMI=",
        "owner": "jose-elias-alvarez",
        "repo": "null-ls.nvim",
        "rev": "bbaf5a96913aa92281f154b08732be2f57021c45",
        "type": "github"
      },
      "original": {
        "owner": "jose-elias-alvarez",
        "repo": "null-ls.nvim",
        "type": "github"
      }
    },
    "plugin:nvim-cmp": {
      "flake": false,
      "locked": {
        "lastModified": 1687141974,
        "narHash": "sha256-FLy3KHQrWsza9q6DD2ZSTHwPDZOYjKdzp009R437+ig=",
        "owner": "hrsh7th",
        "repo": "nvim-cmp",
        "rev": "fa492591fecdc41798cd5d3d1713232a5088fba0",
        "type": "github"
      },
      "original": {
        "owner": "hrsh7th",
        "repo": "nvim-cmp",
        "type": "github"
      }
    },
    "plugin:nvim-cursorline": {
      "flake": false,
      "locked": {
        "lastModified": 1650034925,
        "narHash": "sha256-Uhw65p1KBjs8KsVOmTzuiu3XKclxBob8AVdWEt30C/8=",
        "owner": "yamatsum",
        "repo": "nvim-cursorline",
        "rev": "804f0023692653b2b2368462d67d2a87056947f9",
        "type": "github"
      },
      "original": {
        "owner": "yamatsum",
        "repo": "nvim-cursorline",
        "type": "github"
      }
    },
    "plugin:nvim-lightbulb": {
      "flake": false,
      "locked": {
        "lastModified": 1681594259,
        "narHash": "sha256-vMFl6Nzc0ZxTa4lQ5FEnE9GkxbPuu5/skufgsR34BSE=",
        "owner": "kosayoda",
        "repo": "nvim-lightbulb",
        "rev": "ca5b44a8efffb5fec1963ccd21f25ec04cc778b7",
        "type": "github"
      },
      "original": {
        "owner": "kosayoda",
        "repo": "nvim-lightbulb",
        "type": "github"
      }
    },
    "plugin:nvim-lspconfig": {
      "flake": false,
      "locked": {
        "lastModified": 1687159940,
        "narHash": "sha256-cF4ZVLpj/nQXG+peNmyILUw8Hds6zUtZR+zjMA4jtd0=",
        "owner": "neovim",
        "repo": "nvim-lspconfig",
        "rev": "444eab07bb7881cad984c68c89fde276f7a26d81",
        "type": "github"
      },
      "original": {
        "owner": "neovim",
        "repo": "nvim-lspconfig",
        "type": "github"
      }
    },
    "plugin:nvim-notify": {
      "flake": false,
      "locked": {
        "lastModified": 1685978736,
        "narHash": "sha256-Rr2tzuEr06M9ZbvQbC07qcxkyjFJFYdABwRpYelKBFI=",
        "owner": "rcarriga",
        "repo": "nvim-notify",
        "rev": "ea9c8ce7a37f2238f934e087c255758659948e0f",
        "type": "github"
      },
      "original": {
        "owner": "rcarriga",
        "repo": "nvim-notify",
        "type": "github"
      }
    },
    "plugin:nvim-tree-lua": {
      "flake": false,
      "locked": {
        "lastModified": 1687132855,
        "narHash": "sha256-ZRUoCDBv8rO8ZUBUMLgo33EBbqD9+ZOSET9rkFsA++E=",
        "owner": "nvim-tree",
        "repo": "nvim-tree.lua",
        "rev": "c3c6544ee00333b0f1d6a13735d0dd302dba4f70",
        "type": "github"
      },
      "original": {
        "owner": "nvim-tree",
        "repo": "nvim-tree.lua",
        "type": "github"
      }
    },
    "plugin:nvim-treesitter": {
      "flake": false,
      "locked": {
        "lastModified": 1687194587,
        "narHash": "sha256-UNxTGcGsMze4MO44XlDX9ClVVo48relbR396QNLHkqk=",
        "owner": "nvim-treesitter",
        "repo": "nvim-treesitter",
        "rev": "517a79c84890507e0868982f23c7723541a0d0ea",
        "type": "github"
      },
      "original": {
        "owner": "nvim-treesitter",
        "repo": "nvim-treesitter",
        "type": "github"
      }
    },
    "plugin:nvim-treesitter-context": {
      "flake": false,
      "locked": {
        "lastModified": 1687158028,
        "narHash": "sha256-z+jvrobFdWQitgULGssng6m9LLOBS74z4d61Pj47SYc=",
        "owner": "nvim-treesitter",
        "repo": "nvim-treesitter-context",
        "rev": "6eccc445394df5ab9b1c1e2c445c033949a6a784",
        "type": "github"
      },
      "original": {
        "owner": "nvim-treesitter",
        "repo": "nvim-treesitter-context",
        "type": "github"
      }
    },
    "plugin:nvim-treesitter-refactor": {
      "flake": false,
      "locked": {
        "lastModified": 1680645221,
        "narHash": "sha256-yzSkoH690qIEqvhiv0exeH7pS+J5ZVkqidEUOn0kb5M=",
        "owner": "nvim-treesitter",
        "repo": "nvim-treesitter-refactor",
        "rev": "65ad2eca822dfaec2a3603119ec3cc8826a7859e",
        "type": "github"
      },
      "original": {
        "owner": "nvim-treesitter",
        "repo": "nvim-treesitter-refactor",
        "type": "github"
      }
    },
    "plugin:nvim-web-devicons": {
      "flake": false,
      "locked": {
        "lastModified": 1687049136,
        "narHash": "sha256-WY5MJbZQ85J+Dec9tu82ac+od3g+O2nSefAPVf4nxUI=",
        "owner": "nvim-tree",
        "repo": "nvim-web-devicons",
        "rev": "14b3a5ba63b82b60cde98d0a40319d80f25e8301",
        "type": "github"
      },
      "original": {
        "owner": "nvim-tree",
        "repo": "nvim-web-devicons",
        "type": "github"
      }
    },
    "plugin:plenary-nvim": {
      "flake": false,
      "locked": {
        "lastModified": 1686422044,
        "narHash": "sha256-q7cWcedN/BViNWpIFRdnvQrs60vQICmboqi9y+cRH2Q=",
        "owner": "nvim-lua",
        "repo": "plenary.nvim",
        "rev": "36aaceb6e93addd20b1b18f94d86aecc552f30c4",
        "type": "github"
      },
      "original": {
        "owner": "nvim-lua",
        "repo": "plenary.nvim",
        "type": "github"
      }
    },
    "plugin:rust-tools-nvim": {
      "flake": false,
      "locked": {
        "lastModified": 1676929960,
        "narHash": "sha256-Cuk/vdoviB9ibt2rrkNRmNFy4S+6czhbExmIjTJRdZM=",
        "owner": "simrat39",
        "repo": "rust-tools.nvim",
        "rev": "71d2cf67b5ed120a0e31b2c8adb210dd2834242f",
        "type": "github"
      },
      "original": {
        "owner": "simrat39",
        "repo": "rust-tools.nvim",
        "type": "github"
      }
    },
    "plugin:telescope-nvim": {
      "flake": false,
      "locked": {
        "lastModified": 1686622153,
        "narHash": "sha256-I5LUk572HuMqj/YitKlwkydI471jw2rH6XDbY/RjzX0=",
        "owner": "nvim-telescope",
        "repo": "telescope.nvim",
        "rev": "00cf15074a2997487813672a75f946d2ead95eb0",
        "type": "github"
      },
      "original": {
        "owner": "nvim-telescope",
        "repo": "telescope.nvim",
        "type": "github"
      }
    },
    "plugin:telescope-ui-select-nvim": {
      "flake": false,
      "locked": {
        "lastModified": 1651305900,
        "narHash": "sha256-/JM2KX70JXa3sydrUj13Vd4rRwhn3VrdW7qLLHqIqyY=",
        "owner": "nvim-telescope",
        "repo": "telescope-ui-select.nvim",
        "rev": "62ea5e58c7bbe191297b983a9e7e89420f581369",
        "type": "github"
      },
      "original": {
        "owner": "nvim-telescope",
        "repo": "telescope-ui-select.nvim",
        "type": "github"
      }
    },
    "plugin:toggleterm": {
      "flake": false,
      "locked": {
        "lastModified": 1685434137,
        "narHash": "sha256-Qjhod1cmzAYuMl6Z0JlYtOq8CLdmQJ9esCwmynuzkYs=",
        "owner": "akinsho",
        "repo": "toggleterm.nvim",
        "rev": "cf146a267a6a7db62b1e2aff40414b20081048a1",
        "type": "github"
      },
      "original": {
        "owner": "akinsho",
        "repo": "toggleterm.nvim",
        "type": "github"
      }
    },
    "plugin:tokyonight-nvim": {
      "flake": false,
      "locked": {
        "lastModified": 1686983352,
        "narHash": "sha256-ZajO4rUzOC3OdfecAR9Hug7h+84NqtBJ0TBpH78BBHU=",
        "owner": "folke",
        "repo": "tokyonight.nvim",
        "rev": "18259404c962736c70c0f670b71c976c4a5ac2bb",
        "type": "github"
      },
      "original": {
        "owner": "folke",
        "repo": "tokyonight.nvim",
        "type": "github"
      }
    },
    "plugin:trouble-nvim": {
      "flake": false,
      "locked": {
        "lastModified": 1686232808,
        "narHash": "sha256-0aYCAP0714za8CoXPqwWOX8RKn/OdIHxsVWyo2X00fM=",
        "owner": "folke",
        "repo": "trouble.nvim",
        "rev": "2af0dd9767526410c88c628f1cbfcb6cf22dd683",
        "type": "github"
      },
      "original": {
        "owner": "folke",
        "repo": "trouble.nvim",
        "type": "github"
      }
    },
    "plugin:vim-matchup": {
      "flake": false,
      "locked": {
        "lastModified": 1687005355,
        "narHash": "sha256-MG22wt7YI9bPeiabDDgtQGQqVqst1qEpw6jBkOcnbAI=",
        "owner": "andymass",
        "repo": "vim-matchup",
        "rev": "3a17944bfa3942da805a381750a1be4b314c64d2",
        "type": "github"
      },
      "original": {
        "owner": "andymass",
        "repo": "vim-matchup",
        "type": "github"
      }
    },
    "poetry2nix": {
      "inputs": {
        "flake-utils": [
          "neovim-flake",
          "nixvim",
          "beautysh",
          "utils"
        ],
        "nixpkgs": [
          "neovim-flake",
          "nixvim",
          "beautysh",
          "nixpkgs"
        ]
      },
      "locked": {
        "lastModified": 1658665240,
        "narHash": "sha256-/wkx7D7enyBPRjIkK0w7QxLQhzEkb3UxNQnjyc3FTUI=",
        "owner": "nix-community",
        "repo": "poetry2nix",
        "rev": "8b8edc85d24661d5a6d0d71d6a7011f3e699780f",
        "type": "github"
      },
      "original": {
        "owner": "nix-community",
        "repo": "poetry2nix",
        "type": "github"
      }
    },
    "pre-commit-hooks": {
      "inputs": {
        "flake-compat": "flake-compat",
        "flake-utils": "flake-utils_4",
        "gitignore": "gitignore",
        "nixpkgs": [
          "neovim-flake",
          "nixvim",
          "nixpkgs"
        ],
        "nixpkgs-stable": "nixpkgs-stable_2"
      },
      "locked": {
        "lastModified": 1686668298,
        "narHash": "sha256-AADh9NqHh6X2LOem4BvI7oCkMm+JPCSCE7iIw5nn0VA=",
        "owner": "cachix",
        "repo": "pre-commit-hooks.nix",
        "rev": "5b6b54d3f722aa95cbf4ddbe35390a0af8c0015a",
        "type": "github"
      },
      "original": {
        "owner": "cachix",
        "repo": "pre-commit-hooks.nix",
        "type": "github"
      }
    },
    "root": {
      "inputs": {
        "emacs-overlay": "emacs-overlay",
        "impermanence": "impermanence",
        "neovim-flake": "neovim-flake",
        "nixpkgs": "nixpkgs_3",
        "nixpkgs-unstable": "nixpkgs-unstable",
        "sops-nix": "sops-nix"
      }
    },
    "sops-nix": {
      "inputs": {
        "nixpkgs": [
          "nixpkgs"
        ],
        "nixpkgs-stable": "nixpkgs-stable_3"
      },
      "locked": {
        "lastModified": 1689149796,
        "narHash": "sha256-3FCUdayBHcxk6BZOxEIfa5UxbXNQzTc/VlN7ociI2Dw=",
        "owner": "Mic92",
        "repo": "sops-nix",
        "rev": "88b964df6981e4844c07be8c192aa6bdca768a10",
        "type": "github"
      },
      "original": {
        "owner": "Mic92",
        "repo": "sops-nix",
        "type": "github"
      }
    },
    "systems": {
      "locked": {
        "lastModified": 1681028828,
        "narHash": "sha256-Vy1rq5AaRuLzOxct8nz4T6wlgyUR7zLU309k9mBC768=",
        "owner": "nix-systems",
        "repo": "default",
        "rev": "da67096a3b9bf56a91d16901293e51ba5b49a27e",
        "type": "github"
      },
      "original": {
        "owner": "nix-systems",
        "repo": "default",
        "type": "github"
      }
    },
    "systems_2": {
      "locked": {
        "lastModified": 1681028828,
        "narHash": "sha256-Vy1rq5AaRuLzOxct8nz4T6wlgyUR7zLU309k9mBC768=",
        "owner": "nix-systems",
        "repo": "default",
        "rev": "da67096a3b9bf56a91d16901293e51ba5b49a27e",
        "type": "github"
      },
      "original": {
        "owner": "nix-systems",
        "repo": "default",
        "type": "github"
      }
    },
    "systems_3": {
      "locked": {
        "lastModified": 1681028828,
        "narHash": "sha256-Vy1rq5AaRuLzOxct8nz4T6wlgyUR7zLU309k9mBC768=",
        "owner": "nix-systems",
        "repo": "default",
        "rev": "da67096a3b9bf56a91d16901293e51ba5b49a27e",
        "type": "github"
      },
      "original": {
        "owner": "nix-systems",
        "repo": "default",
        "type": "github"
      }
    },
    "systems_4": {
      "locked": {
        "lastModified": 1681028828,
        "narHash": "sha256-Vy1rq5AaRuLzOxct8nz4T6wlgyUR7zLU309k9mBC768=",
        "owner": "nix-systems",
        "repo": "default",
        "rev": "da67096a3b9bf56a91d16901293e51ba5b49a27e",
        "type": "github"
      },
      "original": {
        "owner": "nix-systems",
        "repo": "default",
        "type": "github"
      }
    },
    "utils": {
      "locked": {
        "lastModified": 1678901627,
        "narHash": "sha256-U02riOqrKKzwjsxc/400XnElV+UtPUQWpANPlyazjH0=",
        "owner": "numtide",
        "repo": "flake-utils",
        "rev": "93a2b84fc4b70d9e089d029deacc3583435c2ed6",
        "type": "github"
      },
      "original": {
        "owner": "numtide",
        "repo": "flake-utils",
        "type": "github"
      }
    }
  },
  "root": "root",
  "version": 7
}
